
Microsoft Visual Studio Solution File, Format Version 10.00
# Visual Studio 2008
Project("{E24C65DC-7377-472B-9ABA-BC803B73C61A}") = "JobPortalApplication", ".", "{7E0C6124-B3CC-4347-BBFC-699651AEC369}"
	ProjectSection(WebsiteProperties) = preProject
		TargetFramework = "3.5"
		Debug.AspNetCompiler.VirtualPath = "/JobPortalApplication"
		Debug.AspNetCompiler.PhysicalPath = "..\..\..\..\Desktop\JobPortalApplication\"
		Debug.AspNetCompiler.TargetPath = "PrecompiledWeb\JobPortalApplication\"
		Debug.AspNetCompiler.Updateable = "true"
		Debug.AspNetCompiler.ForceOverwrite = "true"
		Debug.AspNetCompiler.FixedNames = "false"
		Debug.AspNetCompiler.Debug = "True"
		Release.AspNetCompiler.VirtualPath = "/JobPortalApplication"
		Release.AspNetCompiler.PhysicalPath = "..\..\..\..\Desktop\JobPortalApplication\"
		Release.AspNetCompiler.TargetPath = "PrecompiledWeb\JobPortalApplication\"
		Release.AspNetCompiler.Updateable = "true"
		Release.AspNetCompiler.ForceOverwrite = "true"
		Release.AspNetCompiler.FixedNames = "false"
		Release.AspNetCompiler.Debug = "False"
		VWDPort = "49209"
	EndProjectSection
EndProject
Global
	GlobalSection(SolutionConfigurationPlatforms) = preSolution
		Debug|.NET = Debug|.NET
	EndGlobalSection
	GlobalSection(ProjectConfigurationPlatforms) = postSolution
		{7E0C6124-B3CC-4347-BBFC-699651AEC369}.Debug|.NET.ActiveCfg = Debug|.NET
		{7E0C6124-B3CC-4347-BBFC-699651AEC369}.Debug|.NET.Build.0 = Debug|.NET
	EndGlobalSection
	GlobalSection(SolutionProperties) = preSolution
		HideSolutionNode = FALSE
	EndGlobalSection
EndGlobal
